// !$*UTF8*$!
{
	archiveVersion = 1;
	classes = {
	};
	objectVersion = 55;
	objects = {

/* Begin PBXBuildFile section */
		471D4CAA28B810C200250AA2 /* SelectableView.swift in Sources */ = {isa = PBXBuildFile; fileRef = 471D4CA928B810C200250AA2 /* SelectableView.swift */; };
		471D4CAD28B8123C00250AA2 /* EdgeType.swift in Sources */ = {isa = PBXBuildFile; fileRef = 471D4CAC28B8123C00250AA2 /* EdgeType.swift */; };
		471D4CAF28B8133400250AA2 /* EdgeViewProtocol.swift in Sources */ = {isa = PBXBuildFile; fileRef = 471D4CAE28B8133400250AA2 /* EdgeViewProtocol.swift */; };
		471D4CB128B8139600250AA2 /* DecoratorProtocol.swift in Sources */ = {isa = PBXBuildFile; fileRef = 471D4CB028B8139600250AA2 /* DecoratorProtocol.swift */; };
		471D4CB528B8140600250AA2 /* SquareEdgeView.swift in Sources */ = {isa = PBXBuildFile; fileRef = 471D4CB428B8140600250AA2 /* SquareEdgeView.swift */; };
		471D4CB828B8144700250AA2 /* SquareEdgeDecorator.swift in Sources */ = {isa = PBXBuildFile; fileRef = 471D4CB728B8144700250AA2 /* SquareEdgeDecorator.swift */; };
		471D4CBA28B8149C00250AA2 /* EdgeViewDecoratorProtocol.swift in Sources */ = {isa = PBXBuildFile; fileRef = 471D4CB928B8149C00250AA2 /* EdgeViewDecoratorProtocol.swift */; };
		471D4CBC28B817B700250AA2 /* ViewWithEdgesProtocol.swift in Sources */ = {isa = PBXBuildFile; fileRef = 471D4CBB28B817B700250AA2 /* ViewWithEdgesProtocol.swift */; };
		471D4CBE28B8221600250AA2 /* ViewWithDecorator.swift in Sources */ = {isa = PBXBuildFile; fileRef = 471D4CBD28B8221600250AA2 /* ViewWithDecorator.swift */; };
		471F20E728D2885100532217 /* CircleViewProtocol.swift in Sources */ = {isa = PBXBuildFile; fileRef = 471F20E628D2885100532217 /* CircleViewProtocol.swift */; };
		471F20E928D288C700532217 /* CircleDecorator.swift in Sources */ = {isa = PBXBuildFile; fileRef = 471F20E828D288C700532217 /* CircleDecorator.swift */; };
		471F20EB28D2892000532217 /* CircleDecoratorProtocol.swift in Sources */ = {isa = PBXBuildFile; fileRef = 471F20EA28D2892000532217 /* CircleDecoratorProtocol.swift */; };
		471F20EE28D2910700532217 /* SquareDecoratorProtocol.swift in Sources */ = {isa = PBXBuildFile; fileRef = 471F20ED28D2910700532217 /* SquareDecoratorProtocol.swift */; };
		471F20F028D2914600532217 /* SquareDecorator.swift in Sources */ = {isa = PBXBuildFile; fileRef = 471F20EF28D2914600532217 /* SquareDecorator.swift */; };
		471F20F228D2917A00532217 /* ArrowDecoratorProtocol.swift in Sources */ = {isa = PBXBuildFile; fileRef = 471F20F128D2917A00532217 /* ArrowDecoratorProtocol.swift */; };
		471F20F428D2923300532217 /* ArrowDecorator.swift in Sources */ = {isa = PBXBuildFile; fileRef = 471F20F328D2923300532217 /* ArrowDecorator.swift */; };
		471F20F828D2939700532217 /* UIBezierPath.swift in Sources */ = {isa = PBXBuildFile; fileRef = 471F20F728D2939700532217 /* UIBezierPath.swift */; };
		4722D4E028BBFBA100055369 /* EdgeMovementValidatorProtocol.swift in Sources */ = {isa = PBXBuildFile; fileRef = 4722D4DF28BBFBA100055369 /* EdgeMovementValidatorProtocol.swift */; };
		4722D4E228BBFC8B00055369 /* ViewMovementValidator.swift in Sources */ = {isa = PBXBuildFile; fileRef = 4722D4E128BBFC8B00055369 /* ViewMovementValidator.swift */; };
		47296BCC28D1291B0018086C /* VerticalToolsView.swift in Sources */ = {isa = PBXBuildFile; fileRef = 47296BCB28D1291B0018086C /* VerticalToolsView.swift */; };
		47296BCF28D130930018086C /* ToolButton.swift in Sources */ = {isa = PBXBuildFile; fileRef = 47296BCE28D130930018086C /* ToolButton.swift */; };
		47296BD128D135330018086C /* FigureType.swift in Sources */ = {isa = PBXBuildFile; fileRef = 47296BD028D135330018086C /* FigureType.swift */; };
		47296BD428D137D40018086C /* FigureFactory.swift in Sources */ = {isa = PBXBuildFile; fileRef = 47296BD328D137D40018086C /* FigureFactory.swift */; };
		47296BD728D138CC0018086C /* AppConfig.swift in Sources */ = {isa = PBXBuildFile; fileRef = 47296BD628D138CC0018086C /* AppConfig.swift */; };
		4733C63A28DF0B5100CA4B7F /* ArrowViewProtocol.swift in Sources */ = {isa = PBXBuildFile; fileRef = 4733C63928DF0B5100CA4B7F /* ArrowViewProtocol.swift */; };
		4733C63C28E098F000CA4B7F /* MainViewController.swift in Sources */ = {isa = PBXBuildFile; fileRef = 4733C63B28E098F000CA4B7F /* MainViewController.swift */; };
		4733C63F28E09AA300CA4B7F /* CanvasListViewController.swift in Sources */ = {isa = PBXBuildFile; fileRef = 4733C63E28E09AA300CA4B7F /* CanvasListViewController.swift */; };
		4733C64128E09AC100CA4B7F /* CanvasNavigationController.swift in Sources */ = {isa = PBXBuildFile; fileRef = 4733C64028E09AC100CA4B7F /* CanvasNavigationController.swift */; };
		4733C64328E09B0600CA4B7F /* AppImage.swift in Sources */ = {isa = PBXBuildFile; fileRef = 4733C64228E09B0600CA4B7F /* AppImage.swift */; };
		4733C64628E09D8100CA4B7F /* String+Localized.swift in Sources */ = {isa = PBXBuildFile; fileRef = 4733C64528E09D8100CA4B7F /* String+Localized.swift */; };
		4733C64928E09FA000CA4B7F /* Localizable.strings in Resources */ = {isa = PBXBuildFile; fileRef = 4733C64828E09FA000CA4B7F /* Localizable.strings */; };
		4733C64D28E0A58800CA4B7F /* CanvasListCell.swift in Sources */ = {isa = PBXBuildFile; fileRef = 4733C64C28E0A58800CA4B7F /* CanvasListCell.swift */; };
		4733C64F28E0AB6100CA4B7F /* CanvasListViewModel.swift in Sources */ = {isa = PBXBuildFile; fileRef = 4733C64E28E0AB6100CA4B7F /* CanvasListViewModel.swift */; };
		4733C65128E0BACE00CA4B7F /* CanvasNewCell.swift in Sources */ = {isa = PBXBuildFile; fileRef = 4733C65028E0BACE00CA4B7F /* CanvasNewCell.swift */; };
		4733C65428E0CD4000CA4B7F /* CanvasFactoryImpl.swift in Sources */ = {isa = PBXBuildFile; fileRef = 4733C65328E0CD4000CA4B7F /* CanvasFactoryImpl.swift */; };
		4733C65728E0CD5000CA4B7F /* CanvasFactory.swift in Sources */ = {isa = PBXBuildFile; fileRef = 4733C65628E0CD5000CA4B7F /* CanvasFactory.swift */; };
		4733C65A28E0D0FE00CA4B7F /* AppInitializer.swift in Sources */ = {isa = PBXBuildFile; fileRef = 4733C65928E0D0FE00CA4B7F /* AppInitializer.swift */; };
		4733C65D28E0E9D400CA4B7F /* BlockScheme.swift in Sources */ = {isa = PBXBuildFile; fileRef = 4733C65C28E0E9D400CA4B7F /* BlockScheme.swift */; };
		4733C65F28E0EA3600CA4B7F /* Figure.swift in Sources */ = {isa = PBXBuildFile; fileRef = 4733C65E28E0EA3600CA4B7F /* Figure.swift */; };
		4733C66228E0EACC00CA4B7F /* FrameProvider.swift in Sources */ = {isa = PBXBuildFile; fileRef = 4733C66128E0EACC00CA4B7F /* FrameProvider.swift */; };
		4733C66428E0EAE400CA4B7F /* BoundsProvider.swift in Sources */ = {isa = PBXBuildFile; fileRef = 4733C66328E0EAE400CA4B7F /* BoundsProvider.swift */; };
		4733C66728E0EBEE00CA4B7F /* FigureSaver.swift in Sources */ = {isa = PBXBuildFile; fileRef = 4733C66628E0EBEE00CA4B7F /* FigureSaver.swift */; };
		4733C66928E0F15500CA4B7F /* CircleFigure.swift in Sources */ = {isa = PBXBuildFile; fileRef = 4733C66828E0F15500CA4B7F /* CircleFigure.swift */; };
		4733C66B28E0F17B00CA4B7F /* SquareFigure.swift in Sources */ = {isa = PBXBuildFile; fileRef = 4733C66A28E0F17B00CA4B7F /* SquareFigure.swift */; };
		4733C66D28E0FBB800CA4B7F /* ArrowFigure.swift in Sources */ = {isa = PBXBuildFile; fileRef = 4733C66C28E0FBB800CA4B7F /* ArrowFigure.swift */; };
		4733C66F28E0FBD600CA4B7F /* RectangleFigure.swift in Sources */ = {isa = PBXBuildFile; fileRef = 4733C66E28E0FBD600CA4B7F /* RectangleFigure.swift */; };
		4733C67228E1022D00CA4B7F /* CanvasViewModel.swift in Sources */ = {isa = PBXBuildFile; fileRef = 4733C67128E1022D00CA4B7F /* CanvasViewModel.swift */; };
		4733C67528E1035500CA4B7F /* FigureError.swift in Sources */ = {isa = PBXBuildFile; fileRef = 4733C67428E1035500CA4B7F /* FigureError.swift */; };
		4733C67728E1064900CA4B7F /* BlockSchemeSaver.swift in Sources */ = {isa = PBXBuildFile; fileRef = 4733C67628E1064900CA4B7F /* BlockSchemeSaver.swift */; };
		4733C67928E1066A00CA4B7F /* SaverProtocol.swift in Sources */ = {isa = PBXBuildFile; fileRef = 4733C67828E1066A00CA4B7F /* SaverProtocol.swift */; };
		4733C67C28E1077E00CA4B7F /* FileUtil.swift in Sources */ = {isa = PBXBuildFile; fileRef = 4733C67B28E1077E00CA4B7F /* FileUtil.swift */; };
		4733C67E28E10A7300CA4B7F /* BlockSchemeError.swift in Sources */ = {isa = PBXBuildFile; fileRef = 4733C67D28E10A7300CA4B7F /* BlockSchemeError.swift */; };
		4733C68128E10D6900CA4B7F /* LoaderProtocol.swift in Sources */ = {isa = PBXBuildFile; fileRef = 4733C68028E10D6900CA4B7F /* LoaderProtocol.swift */; };
		4733C68328E10DA000CA4B7F /* BlockSchemeLoader.swift in Sources */ = {isa = PBXBuildFile; fileRef = 4733C68228E10DA000CA4B7F /* BlockSchemeLoader.swift */; };
		47855A5528B4089A00108D94 /* AppDelegate.swift in Sources */ = {isa = PBXBuildFile; fileRef = 47855A5428B4089A00108D94 /* AppDelegate.swift */; };
		47855A5728B4089A00108D94 /* SceneDelegate.swift in Sources */ = {isa = PBXBuildFile; fileRef = 47855A5628B4089A00108D94 /* SceneDelegate.swift */; };
		47855A5928B4089A00108D94 /* CanvasViewController.swift in Sources */ = {isa = PBXBuildFile; fileRef = 47855A5828B4089A00108D94 /* CanvasViewController.swift */; };
		47855A5C28B4089A00108D94 /* Main.storyboard in Resources */ = {isa = PBXBuildFile; fileRef = 47855A5A28B4089A00108D94 /* Main.storyboard */; };
		47855A5E28B4089B00108D94 /* Assets.xcassets in Resources */ = {isa = PBXBuildFile; fileRef = 47855A5D28B4089B00108D94 /* Assets.xcassets */; };
		47855A6128B4089B00108D94 /* LaunchScreen.storyboard in Resources */ = {isa = PBXBuildFile; fileRef = 47855A5F28B4089B00108D94 /* LaunchScreen.storyboard */; };
		47855A6A28B40AC500108D94 /* SquareView.swift in Sources */ = {isa = PBXBuildFile; fileRef = 47855A6928B40AC500108D94 /* SquareView.swift */; };
		47855A6C28B4125600108D94 /* CircleView.swift in Sources */ = {isa = PBXBuildFile; fileRef = 47855A6B28B4125600108D94 /* CircleView.swift */; };
		47855A6E28B423F000108D94 /* ConnectableView.swift in Sources */ = {isa = PBXBuildFile; fileRef = 47855A6D28B423F000108D94 /* ConnectableView.swift */; };
		47B2F48028D3C0FC002F0489 /* UIView.swift in Sources */ = {isa = PBXBuildFile; fileRef = 47B2F47F28D3C0FB002F0489 /* UIView.swift */; };
		47D5A4CA28C92979008C047A /* ArrowView.swift in Sources */ = {isa = PBXBuildFile; fileRef = 47D5A4C928C92979008C047A /* ArrowView.swift */; };
		47D5A4CC28C92CF8008C047A /* SelectableAndRemovableViewWithFigureAndEdges.swift in Sources */ = {isa = PBXBuildFile; fileRef = 47D5A4CB28C92CF8008C047A /* SelectableAndRemovableViewWithFigureAndEdges.swift */; };
		47D5EBB528E21B2F00741D7B /* FigureViewFactory.swift in Sources */ = {isa = PBXBuildFile; fileRef = 47D5EBB428E21B2F00741D7B /* FigureViewFactory.swift */; };
		47D5EBB728E21D0E00741D7B /* UIAlertController.swift in Sources */ = {isa = PBXBuildFile; fileRef = 47D5EBB628E21D0E00741D7B /* UIAlertController.swift */; };
		47D5EBB928E22E8E00741D7B /* ViewWithFigureProtocol.swift in Sources */ = {isa = PBXBuildFile; fileRef = 47D5EBB828E22E8E00741D7B /* ViewWithFigureProtocol.swift */; };
		47D5ED2E28CA7B4B0021D0B9 /* RectangleView.swift in Sources */ = {isa = PBXBuildFile; fileRef = 47D5ED2D28CA7B4B0021D0B9 /* RectangleView.swift */; };
		47D5ED3128CA83190021D0B9 /* Resizable.swift in Sources */ = {isa = PBXBuildFile; fileRef = 47D5ED3028CA83190021D0B9 /* Resizable.swift */; };
		47D5ED3328CA83C70021D0B9 /* EdgeViewDelegate.swift in Sources */ = {isa = PBXBuildFile; fileRef = 47D5ED3228CA83C70021D0B9 /* EdgeViewDelegate.swift */; };
		47D5ED3528CA9E390021D0B9 /* RectangeViewProtocol.swift in Sources */ = {isa = PBXBuildFile; fileRef = 47D5ED3428CA9E390021D0B9 /* RectangeViewProtocol.swift */; };
		47D5ED3728CA9FE10021D0B9 /* RoundedRectangleDecoratorProtocol.swift in Sources */ = {isa = PBXBuildFile; fileRef = 47D5ED3628CA9FE10021D0B9 /* RoundedRectangleDecoratorProtocol.swift */; };
		47D5ED3928CAA0490021D0B9 /* RoundedRectangleDecorator.swift in Sources */ = {isa = PBXBuildFile; fileRef = 47D5ED3828CAA0490021D0B9 /* RoundedRectangleDecorator.swift */; };
		47D5ED3B28CAAE3B0021D0B9 /* SquareViewProtocol.swift in Sources */ = {isa = PBXBuildFile; fileRef = 47D5ED3A28CAAE3B0021D0B9 /* SquareViewProtocol.swift */; };
/* End PBXBuildFile section */

/* Begin PBXFileReference section */
		471D4CA928B810C200250AA2 /* SelectableView.swift */ = {isa = PBXFileReference; lastKnownFileType = sourcecode.swift; path = SelectableView.swift; sourceTree = "<group>"; };
		471D4CAC28B8123C00250AA2 /* EdgeType.swift */ = {isa = PBXFileReference; lastKnownFileType = sourcecode.swift; path = EdgeType.swift; sourceTree = "<group>"; };
		471D4CAE28B8133400250AA2 /* EdgeViewProtocol.swift */ = {isa = PBXFileReference; lastKnownFileType = sourcecode.swift; path = EdgeViewProtocol.swift; sourceTree = "<group>"; };
		471D4CB028B8139600250AA2 /* DecoratorProtocol.swift */ = {isa = PBXFileReference; lastKnownFileType = sourcecode.swift; path = DecoratorProtocol.swift; sourceTree = "<group>"; };
		471D4CB428B8140600250AA2 /* SquareEdgeView.swift */ = {isa = PBXFileReference; lastKnownFileType = sourcecode.swift; path = SquareEdgeView.swift; sourceTree = "<group>"; };
		471D4CB728B8144700250AA2 /* SquareEdgeDecorator.swift */ = {isa = PBXFileReference; lastKnownFileType = sourcecode.swift; path = SquareEdgeDecorator.swift; sourceTree = "<group>"; };
		471D4CB928B8149C00250AA2 /* EdgeViewDecoratorProtocol.swift */ = {isa = PBXFileReference; lastKnownFileType = sourcecode.swift; path = EdgeViewDecoratorProtocol.swift; sourceTree = "<group>"; };
		471D4CBB28B817B700250AA2 /* ViewWithEdgesProtocol.swift */ = {isa = PBXFileReference; lastKnownFileType = sourcecode.swift; path = ViewWithEdgesProtocol.swift; sourceTree = "<group>"; };
		471D4CBD28B8221600250AA2 /* ViewWithDecorator.swift */ = {isa = PBXFileReference; lastKnownFileType = sourcecode.swift; path = ViewWithDecorator.swift; sourceTree = "<group>"; };
		471F20E628D2885100532217 /* CircleViewProtocol.swift */ = {isa = PBXFileReference; lastKnownFileType = sourcecode.swift; path = CircleViewProtocol.swift; sourceTree = "<group>"; };
		471F20E828D288C700532217 /* CircleDecorator.swift */ = {isa = PBXFileReference; lastKnownFileType = sourcecode.swift; path = CircleDecorator.swift; sourceTree = "<group>"; };
		471F20EA28D2892000532217 /* CircleDecoratorProtocol.swift */ = {isa = PBXFileReference; lastKnownFileType = sourcecode.swift; path = CircleDecoratorProtocol.swift; sourceTree = "<group>"; };
		471F20ED28D2910700532217 /* SquareDecoratorProtocol.swift */ = {isa = PBXFileReference; lastKnownFileType = sourcecode.swift; path = SquareDecoratorProtocol.swift; sourceTree = "<group>"; };
		471F20EF28D2914600532217 /* SquareDecorator.swift */ = {isa = PBXFileReference; lastKnownFileType = sourcecode.swift; path = SquareDecorator.swift; sourceTree = "<group>"; };
		471F20F128D2917A00532217 /* ArrowDecoratorProtocol.swift */ = {isa = PBXFileReference; lastKnownFileType = sourcecode.swift; path = ArrowDecoratorProtocol.swift; sourceTree = "<group>"; };
		471F20F328D2923300532217 /* ArrowDecorator.swift */ = {isa = PBXFileReference; lastKnownFileType = sourcecode.swift; path = ArrowDecorator.swift; sourceTree = "<group>"; };
		471F20F728D2939700532217 /* UIBezierPath.swift */ = {isa = PBXFileReference; lastKnownFileType = sourcecode.swift; path = UIBezierPath.swift; sourceTree = "<group>"; };
		4722D4DF28BBFBA100055369 /* EdgeMovementValidatorProtocol.swift */ = {isa = PBXFileReference; lastKnownFileType = sourcecode.swift; path = EdgeMovementValidatorProtocol.swift; sourceTree = "<group>"; };
		4722D4E128BBFC8B00055369 /* ViewMovementValidator.swift */ = {isa = PBXFileReference; lastKnownFileType = sourcecode.swift; path = ViewMovementValidator.swift; sourceTree = "<group>"; };
		47296BCB28D1291B0018086C /* VerticalToolsView.swift */ = {isa = PBXFileReference; lastKnownFileType = sourcecode.swift; path = VerticalToolsView.swift; sourceTree = "<group>"; };
		47296BCE28D130930018086C /* ToolButton.swift */ = {isa = PBXFileReference; lastKnownFileType = sourcecode.swift; path = ToolButton.swift; sourceTree = "<group>"; };
		47296BD028D135330018086C /* FigureType.swift */ = {isa = PBXFileReference; lastKnownFileType = sourcecode.swift; path = FigureType.swift; sourceTree = "<group>"; };
		47296BD328D137D40018086C /* FigureFactory.swift */ = {isa = PBXFileReference; lastKnownFileType = sourcecode.swift; path = FigureFactory.swift; sourceTree = "<group>"; };
		47296BD628D138CC0018086C /* AppConfig.swift */ = {isa = PBXFileReference; lastKnownFileType = sourcecode.swift; path = AppConfig.swift; sourceTree = "<group>"; };
		4733C63928DF0B5100CA4B7F /* ArrowViewProtocol.swift */ = {isa = PBXFileReference; lastKnownFileType = sourcecode.swift; path = ArrowViewProtocol.swift; sourceTree = "<group>"; };
		4733C63B28E098F000CA4B7F /* MainViewController.swift */ = {isa = PBXFileReference; lastKnownFileType = sourcecode.swift; path = MainViewController.swift; sourceTree = "<group>"; };
		4733C63E28E09AA300CA4B7F /* CanvasListViewController.swift */ = {isa = PBXFileReference; lastKnownFileType = sourcecode.swift; path = CanvasListViewController.swift; sourceTree = "<group>"; };
		4733C64028E09AC100CA4B7F /* CanvasNavigationController.swift */ = {isa = PBXFileReference; lastKnownFileType = sourcecode.swift; path = CanvasNavigationController.swift; sourceTree = "<group>"; };
		4733C64228E09B0600CA4B7F /* AppImage.swift */ = {isa = PBXFileReference; lastKnownFileType = sourcecode.swift; path = AppImage.swift; sourceTree = "<group>"; };
		4733C64528E09D8100CA4B7F /* String+Localized.swift */ = {isa = PBXFileReference; fileEncoding = 4; lastKnownFileType = sourcecode.swift; path = "String+Localized.swift"; sourceTree = "<group>"; };
		4733C64828E09FA000CA4B7F /* Localizable.strings */ = {isa = PBXFileReference; lastKnownFileType = text.plist.strings; path = Localizable.strings; sourceTree = "<group>"; };
		4733C64C28E0A58800CA4B7F /* CanvasListCell.swift */ = {isa = PBXFileReference; lastKnownFileType = sourcecode.swift; path = CanvasListCell.swift; sourceTree = "<group>"; };
		4733C64E28E0AB6100CA4B7F /* CanvasListViewModel.swift */ = {isa = PBXFileReference; lastKnownFileType = sourcecode.swift; path = CanvasListViewModel.swift; sourceTree = "<group>"; };
		4733C65028E0BACE00CA4B7F /* CanvasNewCell.swift */ = {isa = PBXFileReference; lastKnownFileType = sourcecode.swift; path = CanvasNewCell.swift; sourceTree = "<group>"; };
		4733C65328E0CD4000CA4B7F /* CanvasFactoryImpl.swift */ = {isa = PBXFileReference; lastKnownFileType = sourcecode.swift; path = CanvasFactoryImpl.swift; sourceTree = "<group>"; };
		4733C65628E0CD5000CA4B7F /* CanvasFactory.swift */ = {isa = PBXFileReference; lastKnownFileType = sourcecode.swift; path = CanvasFactory.swift; sourceTree = "<group>"; };
		4733C65928E0D0FE00CA4B7F /* AppInitializer.swift */ = {isa = PBXFileReference; lastKnownFileType = sourcecode.swift; path = AppInitializer.swift; sourceTree = "<group>"; };
		4733C65C28E0E9D400CA4B7F /* BlockScheme.swift */ = {isa = PBXFileReference; lastKnownFileType = sourcecode.swift; path = BlockScheme.swift; sourceTree = "<group>"; };
		4733C65E28E0EA3600CA4B7F /* Figure.swift */ = {isa = PBXFileReference; lastKnownFileType = sourcecode.swift; path = Figure.swift; sourceTree = "<group>"; };
		4733C66128E0EACC00CA4B7F /* FrameProvider.swift */ = {isa = PBXFileReference; lastKnownFileType = sourcecode.swift; path = FrameProvider.swift; sourceTree = "<group>"; };
		4733C66328E0EAE400CA4B7F /* BoundsProvider.swift */ = {isa = PBXFileReference; lastKnownFileType = sourcecode.swift; path = BoundsProvider.swift; sourceTree = "<group>"; };
		4733C66628E0EBEE00CA4B7F /* FigureSaver.swift */ = {isa = PBXFileReference; lastKnownFileType = sourcecode.swift; path = FigureSaver.swift; sourceTree = "<group>"; };
		4733C66828E0F15500CA4B7F /* CircleFigure.swift */ = {isa = PBXFileReference; lastKnownFileType = sourcecode.swift; path = CircleFigure.swift; sourceTree = "<group>"; };
		4733C66A28E0F17B00CA4B7F /* SquareFigure.swift */ = {isa = PBXFileReference; lastKnownFileType = sourcecode.swift; path = SquareFigure.swift; sourceTree = "<group>"; };
		4733C66C28E0FBB800CA4B7F /* ArrowFigure.swift */ = {isa = PBXFileReference; lastKnownFileType = sourcecode.swift; path = ArrowFigure.swift; sourceTree = "<group>"; };
		4733C66E28E0FBD600CA4B7F /* RectangleFigure.swift */ = {isa = PBXFileReference; lastKnownFileType = sourcecode.swift; path = RectangleFigure.swift; sourceTree = "<group>"; };
		4733C67128E1022D00CA4B7F /* CanvasViewModel.swift */ = {isa = PBXFileReference; lastKnownFileType = sourcecode.swift; path = CanvasViewModel.swift; sourceTree = "<group>"; };
		4733C67428E1035500CA4B7F /* FigureError.swift */ = {isa = PBXFileReference; lastKnownFileType = sourcecode.swift; path = FigureError.swift; sourceTree = "<group>"; };
		4733C67628E1064900CA4B7F /* BlockSchemeSaver.swift */ = {isa = PBXFileReference; lastKnownFileType = sourcecode.swift; path = BlockSchemeSaver.swift; sourceTree = "<group>"; };
		4733C67828E1066A00CA4B7F /* SaverProtocol.swift */ = {isa = PBXFileReference; lastKnownFileType = sourcecode.swift; path = SaverProtocol.swift; sourceTree = "<group>"; };
		4733C67B28E1077E00CA4B7F /* FileUtil.swift */ = {isa = PBXFileReference; lastKnownFileType = sourcecode.swift; path = FileUtil.swift; sourceTree = "<group>"; };
		4733C67D28E10A7300CA4B7F /* BlockSchemeError.swift */ = {isa = PBXFileReference; lastKnownFileType = sourcecode.swift; path = BlockSchemeError.swift; sourceTree = "<group>"; };
		4733C68028E10D6900CA4B7F /* LoaderProtocol.swift */ = {isa = PBXFileReference; lastKnownFileType = sourcecode.swift; path = LoaderProtocol.swift; sourceTree = "<group>"; };
		4733C68228E10DA000CA4B7F /* BlockSchemeLoader.swift */ = {isa = PBXFileReference; lastKnownFileType = sourcecode.swift; path = BlockSchemeLoader.swift; sourceTree = "<group>"; };
		47855A5128B4089A00108D94 /* PlayingWithViews.app */ = {isa = PBXFileReference; explicitFileType = wrapper.application; includeInIndex = 0; path = PlayingWithViews.app; sourceTree = BUILT_PRODUCTS_DIR; };
		47855A5428B4089A00108D94 /* AppDelegate.swift */ = {isa = PBXFileReference; lastKnownFileType = sourcecode.swift; path = AppDelegate.swift; sourceTree = "<group>"; };
		47855A5628B4089A00108D94 /* SceneDelegate.swift */ = {isa = PBXFileReference; lastKnownFileType = sourcecode.swift; path = SceneDelegate.swift; sourceTree = "<group>"; };
		47855A5828B4089A00108D94 /* CanvasViewController.swift */ = {isa = PBXFileReference; lastKnownFileType = sourcecode.swift; path = CanvasViewController.swift; sourceTree = "<group>"; };
		47855A5B28B4089A00108D94 /* Base */ = {isa = PBXFileReference; lastKnownFileType = file.storyboard; name = Base; path = Base.lproj/Main.storyboard; sourceTree = "<group>"; };
		47855A5D28B4089B00108D94 /* Assets.xcassets */ = {isa = PBXFileReference; lastKnownFileType = folder.assetcatalog; path = Assets.xcassets; sourceTree = "<group>"; };
		47855A6028B4089B00108D94 /* Base */ = {isa = PBXFileReference; lastKnownFileType = file.storyboard; name = Base; path = Base.lproj/LaunchScreen.storyboard; sourceTree = "<group>"; };
		47855A6228B4089B00108D94 /* Info.plist */ = {isa = PBXFileReference; lastKnownFileType = text.plist.xml; path = Info.plist; sourceTree = "<group>"; };
		47855A6928B40AC500108D94 /* SquareView.swift */ = {isa = PBXFileReference; lastKnownFileType = sourcecode.swift; path = SquareView.swift; sourceTree = "<group>"; };
		47855A6B28B4125600108D94 /* CircleView.swift */ = {isa = PBXFileReference; lastKnownFileType = sourcecode.swift; path = CircleView.swift; sourceTree = "<group>"; };
		47855A6D28B423F000108D94 /* ConnectableView.swift */ = {isa = PBXFileReference; lastKnownFileType = sourcecode.swift; path = ConnectableView.swift; sourceTree = "<group>"; };
		47B2F47F28D3C0FB002F0489 /* UIView.swift */ = {isa = PBXFileReference; lastKnownFileType = sourcecode.swift; path = UIView.swift; sourceTree = "<group>"; };
		47D5A4C928C92979008C047A /* ArrowView.swift */ = {isa = PBXFileReference; lastKnownFileType = sourcecode.swift; path = ArrowView.swift; sourceTree = "<group>"; };
		47D5A4CB28C92CF8008C047A /* SelectableAndRemovableViewWithFigureAndEdges.swift */ = {isa = PBXFileReference; lastKnownFileType = sourcecode.swift; path = SelectableAndRemovableViewWithFigureAndEdges.swift; sourceTree = "<group>"; };
		47D5EBB428E21B2F00741D7B /* FigureViewFactory.swift */ = {isa = PBXFileReference; lastKnownFileType = sourcecode.swift; path = FigureViewFactory.swift; sourceTree = "<group>"; };
		47D5EBB628E21D0E00741D7B /* UIAlertController.swift */ = {isa = PBXFileReference; lastKnownFileType = sourcecode.swift; path = UIAlertController.swift; sourceTree = "<group>"; };
		47D5EBB828E22E8E00741D7B /* ViewWithFigureProtocol.swift */ = {isa = PBXFileReference; lastKnownFileType = sourcecode.swift; path = ViewWithFigureProtocol.swift; sourceTree = "<group>"; };
		47D5ED2D28CA7B4B0021D0B9 /* RectangleView.swift */ = {isa = PBXFileReference; lastKnownFileType = sourcecode.swift; path = RectangleView.swift; sourceTree = "<group>"; };
		47D5ED3028CA83190021D0B9 /* Resizable.swift */ = {isa = PBXFileReference; lastKnownFileType = sourcecode.swift; path = Resizable.swift; sourceTree = "<group>"; };
		47D5ED3228CA83C70021D0B9 /* EdgeViewDelegate.swift */ = {isa = PBXFileReference; lastKnownFileType = sourcecode.swift; path = EdgeViewDelegate.swift; sourceTree = "<group>"; };
		47D5ED3428CA9E390021D0B9 /* RectangeViewProtocol.swift */ = {isa = PBXFileReference; lastKnownFileType = sourcecode.swift; path = RectangeViewProtocol.swift; sourceTree = "<group>"; };
		47D5ED3628CA9FE10021D0B9 /* RoundedRectangleDecoratorProtocol.swift */ = {isa = PBXFileReference; lastKnownFileType = sourcecode.swift; path = RoundedRectangleDecoratorProtocol.swift; sourceTree = "<group>"; };
		47D5ED3828CAA0490021D0B9 /* RoundedRectangleDecorator.swift */ = {isa = PBXFileReference; lastKnownFileType = sourcecode.swift; path = RoundedRectangleDecorator.swift; sourceTree = "<group>"; };
		47D5ED3A28CAAE3B0021D0B9 /* SquareViewProtocol.swift */ = {isa = PBXFileReference; lastKnownFileType = sourcecode.swift; path = SquareViewProtocol.swift; sourceTree = "<group>"; };
/* End PBXFileReference section */

/* Begin PBXFrameworksBuildPhase section */
		47855A4E28B4089A00108D94 /* Frameworks */ = {
			isa = PBXFrameworksBuildPhase;
			buildActionMask = 2147483647;
			files = (
			);
			runOnlyForDeploymentPostprocessing = 0;
		};
/* End PBXFrameworksBuildPhase section */

/* Begin PBXGroup section */
		471D4CA828B810B500250AA2 /* Protocols */ = {
			isa = PBXGroup;
			children = (
				471F20EC28D290AD00532217 /* Decorators */,
				471D4CA928B810C200250AA2 /* SelectableView.swift */,
				47D5EBB828E22E8E00741D7B /* ViewWithFigureProtocol.swift */,
				471D4CAE28B8133400250AA2 /* EdgeViewProtocol.swift */,
				471D4CBB28B817B700250AA2 /* ViewWithEdgesProtocol.swift */,
				471D4CBD28B8221600250AA2 /* ViewWithDecorator.swift */,
				4722D4DF28BBFBA100055369 /* EdgeMovementValidatorProtocol.swift */,
				4722D4E128BBFC8B00055369 /* ViewMovementValidator.swift */,
				47D5A4CB28C92CF8008C047A /* SelectableAndRemovableViewWithFigureAndEdges.swift */,
				47D5ED3028CA83190021D0B9 /* Resizable.swift */,
				47D5ED3228CA83C70021D0B9 /* EdgeViewDelegate.swift */,
				47D5ED3428CA9E390021D0B9 /* RectangeViewProtocol.swift */,
				4733C63928DF0B5100CA4B7F /* ArrowViewProtocol.swift */,
				47D5ED3A28CAAE3B0021D0B9 /* SquareViewProtocol.swift */,
				471F20E628D2885100532217 /* CircleViewProtocol.swift */,
				47296BD028D135330018086C /* FigureType.swift */,
				47855A6D28B423F000108D94 /* ConnectableView.swift */,
				4733C66128E0EACC00CA4B7F /* FrameProvider.swift */,
				4733C66328E0EAE400CA4B7F /* BoundsProvider.swift */,
			);
			path = Protocols;
			sourceTree = "<group>";
		};
		471D4CAB28B8122100250AA2 /* Enums */ = {
			isa = PBXGroup;
			children = (
				471D4CAC28B8123C00250AA2 /* EdgeType.swift */,
				4733C64228E09B0600CA4B7F /* AppImage.swift */,
			);
			path = Enums;
			sourceTree = "<group>";
		};
		471D4CB228B813F300250AA2 /* Edges */ = {
			isa = PBXGroup;
			children = (
				471D4CB328B813FC00250AA2 /* Square */,
			);
			path = Edges;
			sourceTree = "<group>";
		};
		471D4CB328B813FC00250AA2 /* Square */ = {
			isa = PBXGroup;
			children = (
				471D4CB428B8140600250AA2 /* SquareEdgeView.swift */,
			);
			path = Square;
			sourceTree = "<group>";
		};
		471D4CB628B8143D00250AA2 /* Decorators */ = {
			isa = PBXGroup;
			children = (
				471D4CB728B8144700250AA2 /* SquareEdgeDecorator.swift */,
				47D5ED3828CAA0490021D0B9 /* RoundedRectangleDecorator.swift */,
				471F20E828D288C700532217 /* CircleDecorator.swift */,
				471F20EF28D2914600532217 /* SquareDecorator.swift */,
				471F20F328D2923300532217 /* ArrowDecorator.swift */,
			);
			path = Decorators;
			sourceTree = "<group>";
		};
		471F20EC28D290AD00532217 /* Decorators */ = {
			isa = PBXGroup;
			children = (
				471D4CB928B8149C00250AA2 /* EdgeViewDecoratorProtocol.swift */,
				471D4CB028B8139600250AA2 /* DecoratorProtocol.swift */,
				471F20EA28D2892000532217 /* CircleDecoratorProtocol.swift */,
				471F20ED28D2910700532217 /* SquareDecoratorProtocol.swift */,
				471F20F128D2917A00532217 /* ArrowDecoratorProtocol.swift */,
				47D5ED3628CA9FE10021D0B9 /* RoundedRectangleDecoratorProtocol.swift */,
			);
			path = Decorators;
			sourceTree = "<group>";
		};
		471F20F528D2928D00532217 /* Figures */ = {
			isa = PBXGroup;
			children = (
				47D5A4C928C92979008C047A /* ArrowView.swift */,
				47855A6928B40AC500108D94 /* SquareView.swift */,
				47D5ED2D28CA7B4B0021D0B9 /* RectangleView.swift */,
				47855A6B28B4125600108D94 /* CircleView.swift */,
			);
			path = Figures;
			sourceTree = "<group>";
		};
		471F20F628D2938100532217 /* Extensions */ = {
			isa = PBXGroup;
			children = (
				4733C64428E09D8100CA4B7F /* String */,
				471F20F728D2939700532217 /* UIBezierPath.swift */,
				47B2F47F28D3C0FB002F0489 /* UIView.swift */,
				47D5EBB628E21D0E00741D7B /* UIAlertController.swift */,
			);
			path = Extensions;
			sourceTree = "<group>";
		};
		47296BCD28D130710018086C /* Toolbar and buttons */ = {
			isa = PBXGroup;
			children = (
				47296BCB28D1291B0018086C /* VerticalToolsView.swift */,
				47296BCE28D130930018086C /* ToolButton.swift */,
			);
			path = "Toolbar and buttons";
			sourceTree = "<group>";
		};
		47296BD228D137C60018086C /* Factories */ = {
			isa = PBXGroup;
			children = (
				4733C65228E0CD2A00CA4B7F /* ViewControllers */,
				47296BD328D137D40018086C /* FigureFactory.swift */,
				47D5EBB428E21B2F00741D7B /* FigureViewFactory.swift */,
			);
			path = Factories;
			sourceTree = "<group>";
		};
		47296BD528D138C20018086C /* Config */ = {
			isa = PBXGroup;
			children = (
				47296BD628D138CC0018086C /* AppConfig.swift */,
			);
			path = Config;
			sourceTree = "<group>";
		};
		4733C63D28E09A7F00CA4B7F /* Navigation */ = {
			isa = PBXGroup;
			children = (
				4733C64028E09AC100CA4B7F /* CanvasNavigationController.swift */,
			);
			path = Navigation;
			sourceTree = "<group>";
		};
		4733C64428E09D8100CA4B7F /* String */ = {
			isa = PBXGroup;
			children = (
				4733C64528E09D8100CA4B7F /* String+Localized.swift */,
			);
			path = String;
			sourceTree = "<group>";
		};
		4733C64728E09F9000CA4B7F /* Assets */ = {
			isa = PBXGroup;
			children = (
				4733C64828E09FA000CA4B7F /* Localizable.strings */,
			);
			path = Assets;
			sourceTree = "<group>";
		};
		4733C64A28E0A56B00CA4B7F /* CanvasList */ = {
			isa = PBXGroup;
			children = (
				4733C64B28E0A57800CA4B7F /* Cells */,
				4733C63E28E09AA300CA4B7F /* CanvasListViewController.swift */,
				4733C64E28E0AB6100CA4B7F /* CanvasListViewModel.swift */,
			);
			path = CanvasList;
			sourceTree = "<group>";
		};
		4733C64B28E0A57800CA4B7F /* Cells */ = {
			isa = PBXGroup;
			children = (
				4733C64C28E0A58800CA4B7F /* CanvasListCell.swift */,
				4733C65028E0BACE00CA4B7F /* CanvasNewCell.swift */,
			);
			path = Cells;
			sourceTree = "<group>";
		};
		4733C65228E0CD2A00CA4B7F /* ViewControllers */ = {
			isa = PBXGroup;
			children = (
				4733C65628E0CD5000CA4B7F /* CanvasFactory.swift */,
				4733C65328E0CD4000CA4B7F /* CanvasFactoryImpl.swift */,
			);
			path = ViewControllers;
			sourceTree = "<group>";
		};
		4733C65828E0D0F100CA4B7F /* Initializers */ = {
			isa = PBXGroup;
			children = (
				47855A5428B4089A00108D94 /* AppDelegate.swift */,
				47855A5628B4089A00108D94 /* SceneDelegate.swift */,
				4733C65928E0D0FE00CA4B7F /* AppInitializer.swift */,
			);
			path = Initializers;
			sourceTree = "<group>";
		};
		4733C65B28E0E9C500CA4B7F /* Models */ = {
			isa = PBXGroup;
			children = (
				4733C66028E0EAB500CA4B7F /* Figure */,
				4733C65C28E0E9D400CA4B7F /* BlockScheme.swift */,
			);
			path = Models;
			sourceTree = "<group>";
		};
		4733C66028E0EAB500CA4B7F /* Figure */ = {
			isa = PBXGroup;
			children = (
				4733C65E28E0EA3600CA4B7F /* Figure.swift */,
				4733C66828E0F15500CA4B7F /* CircleFigure.swift */,
				4733C66A28E0F17B00CA4B7F /* SquareFigure.swift */,
				4733C66C28E0FBB800CA4B7F /* ArrowFigure.swift */,
				4733C66E28E0FBD600CA4B7F /* RectangleFigure.swift */,
			);
			path = Figure;
			sourceTree = "<group>";
		};
		4733C66528E0EBE500CA4B7F /* Savers */ = {
			isa = PBXGroup;
			children = (
				4733C66628E0EBEE00CA4B7F /* FigureSaver.swift */,
				4733C67628E1064900CA4B7F /* BlockSchemeSaver.swift */,
				4733C67828E1066A00CA4B7F /* SaverProtocol.swift */,
			);
			path = Savers;
			sourceTree = "<group>";
		};
		4733C67028E1022100CA4B7F /* Canvas */ = {
			isa = PBXGroup;
			children = (
				47855A5828B4089A00108D94 /* CanvasViewController.swift */,
				4733C67128E1022D00CA4B7F /* CanvasViewModel.swift */,
			);
			path = Canvas;
			sourceTree = "<group>";
		};
		4733C67328E1034C00CA4B7F /* Errors */ = {
			isa = PBXGroup;
			children = (
				4733C67428E1035500CA4B7F /* FigureError.swift */,
				4733C67D28E10A7300CA4B7F /* BlockSchemeError.swift */,
			);
			path = Errors;
			sourceTree = "<group>";
		};
		4733C67A28E1077300CA4B7F /* Utils */ = {
			isa = PBXGroup;
			children = (
				4733C67B28E1077E00CA4B7F /* FileUtil.swift */,
			);
			path = Utils;
			sourceTree = "<group>";
		};
		4733C67F28E10D6000CA4B7F /* Loaders */ = {
			isa = PBXGroup;
			children = (
				4733C68028E10D6900CA4B7F /* LoaderProtocol.swift */,
				4733C68228E10DA000CA4B7F /* BlockSchemeLoader.swift */,
			);
			path = Loaders;
			sourceTree = "<group>";
		};
		47855A4828B4089A00108D94 = {
			isa = PBXGroup;
			children = (
				47855A5328B4089A00108D94 /* PlayingWithViews */,
				47855A5228B4089A00108D94 /* Products */,
			);
			sourceTree = "<group>";
		};
		47855A5228B4089A00108D94 /* Products */ = {
			isa = PBXGroup;
			children = (
				47855A5128B4089A00108D94 /* PlayingWithViews.app */,
			);
			name = Products;
			sourceTree = "<group>";
		};
		47855A5328B4089A00108D94 /* PlayingWithViews */ = {
			isa = PBXGroup;
			children = (
				47D5ED2F28CA7D8C0021D0B9 /* ViewControllers */,
				4733C67F28E10D6000CA4B7F /* Loaders */,
				4733C67A28E1077300CA4B7F /* Utils */,
				4733C67328E1034C00CA4B7F /* Errors */,
				4733C66528E0EBE500CA4B7F /* Savers */,
				4733C65B28E0E9C500CA4B7F /* Models */,
				4733C65828E0D0F100CA4B7F /* Initializers */,
				4733C64728E09F9000CA4B7F /* Assets */,
				471F20F628D2938100532217 /* Extensions */,
				47296BD528D138C20018086C /* Config */,
				47296BD228D137C60018086C /* Factories */,
				471D4CB628B8143D00250AA2 /* Decorators */,
				471D4CAB28B8122100250AA2 /* Enums */,
				471D4CA828B810B500250AA2 /* Protocols */,
				47855A6828B40AB700108D94 /* Views */,
				47855A5A28B4089A00108D94 /* Main.storyboard */,
				47855A5D28B4089B00108D94 /* Assets.xcassets */,
				47855A5F28B4089B00108D94 /* LaunchScreen.storyboard */,
				47855A6228B4089B00108D94 /* Info.plist */,
			);
			path = PlayingWithViews;
			sourceTree = "<group>";
		};
		47855A6828B40AB700108D94 /* Views */ = {
			isa = PBXGroup;
			children = (
				471F20F528D2928D00532217 /* Figures */,
				47296BCD28D130710018086C /* Toolbar and buttons */,
				471D4CB228B813F300250AA2 /* Edges */,
			);
			path = Views;
			sourceTree = "<group>";
		};
		47D5ED2F28CA7D8C0021D0B9 /* ViewControllers */ = {
			isa = PBXGroup;
			children = (
				4733C67028E1022100CA4B7F /* Canvas */,
				4733C64A28E0A56B00CA4B7F /* CanvasList */,
				4733C63D28E09A7F00CA4B7F /* Navigation */,
				4733C63B28E098F000CA4B7F /* MainViewController.swift */,
			);
			path = ViewControllers;
			sourceTree = "<group>";
		};
/* End PBXGroup section */

/* Begin PBXNativeTarget section */
		47855A5028B4089A00108D94 /* PlayingWithViews */ = {
			isa = PBXNativeTarget;
			buildConfigurationList = 47855A6528B4089B00108D94 /* Build configuration list for PBXNativeTarget "PlayingWithViews" */;
			buildPhases = (
				47855A4D28B4089A00108D94 /* Sources */,
				47855A4E28B4089A00108D94 /* Frameworks */,
				47855A4F28B4089A00108D94 /* Resources */,
			);
			buildRules = (
			);
			dependencies = (
			);
			name = PlayingWithViews;
			productName = PlayingWithViews;
			productReference = 47855A5128B4089A00108D94 /* PlayingWithViews.app */;
			productType = "com.apple.product-type.application";
		};
/* End PBXNativeTarget section */

/* Begin PBXProject section */
		47855A4928B4089A00108D94 /* Project object */ = {
			isa = PBXProject;
			attributes = {
				BuildIndependentTargetsInParallel = 1;
				LastSwiftUpdateCheck = 1320;
				LastUpgradeCheck = 1320;
				TargetAttributes = {
					47855A5028B4089A00108D94 = {
						CreatedOnToolsVersion = 13.2.1;
					};
				};
			};
			buildConfigurationList = 47855A4C28B4089A00108D94 /* Build configuration list for PBXProject "PlayingWithViews" */;
			compatibilityVersion = "Xcode 13.0";
			developmentRegion = en;
			hasScannedForEncodings = 0;
			knownRegions = (
				en,
				Base,
			);
			mainGroup = 47855A4828B4089A00108D94;
			productRefGroup = 47855A5228B4089A00108D94 /* Products */;
			projectDirPath = "";
			projectRoot = "";
			targets = (
				47855A5028B4089A00108D94 /* PlayingWithViews */,
			);
		};
/* End PBXProject section */

/* Begin PBXResourcesBuildPhase section */
		47855A4F28B4089A00108D94 /* Resources */ = {
			isa = PBXResourcesBuildPhase;
			buildActionMask = 2147483647;
			files = (
				47855A6128B4089B00108D94 /* LaunchScreen.storyboard in Resources */,
				4733C64928E09FA000CA4B7F /* Localizable.strings in Resources */,
				47855A5E28B4089B00108D94 /* Assets.xcassets in Resources */,
				47855A5C28B4089A00108D94 /* Main.storyboard in Resources */,
			);
			runOnlyForDeploymentPostprocessing = 0;
		};
/* End PBXResourcesBuildPhase section */

/* Begin PBXSourcesBuildPhase section */
		47855A4D28B4089A00108D94 /* Sources */ = {
			isa = PBXSourcesBuildPhase;
			buildActionMask = 2147483647;
			files = (
				4733C66F28E0FBD600CA4B7F /* RectangleFigure.swift in Sources */,
				47B2F48028D3C0FC002F0489 /* UIView.swift in Sources */,
				47D5EBB928E22E8E00741D7B /* ViewWithFigureProtocol.swift in Sources */,
				4733C66928E0F15500CA4B7F /* CircleFigure.swift in Sources */,
				4733C67C28E1077E00CA4B7F /* FileUtil.swift in Sources */,
				471D4CBE28B8221600250AA2 /* ViewWithDecorator.swift in Sources */,
				47296BCC28D1291B0018086C /* VerticalToolsView.swift in Sources */,
				471D4CB528B8140600250AA2 /* SquareEdgeView.swift in Sources */,
				4733C65428E0CD4000CA4B7F /* CanvasFactoryImpl.swift in Sources */,
				471F20F428D2923300532217 /* ArrowDecorator.swift in Sources */,
				471D4CAD28B8123C00250AA2 /* EdgeType.swift in Sources */,
				47D5ED3728CA9FE10021D0B9 /* RoundedRectangleDecoratorProtocol.swift in Sources */,
				4733C65A28E0D0FE00CA4B7F /* AppInitializer.swift in Sources */,
				4733C68328E10DA000CA4B7F /* BlockSchemeLoader.swift in Sources */,
				471F20F828D2939700532217 /* UIBezierPath.swift in Sources */,
				4722D4E228BBFC8B00055369 /* ViewMovementValidator.swift in Sources */,
				4733C63A28DF0B5100CA4B7F /* ArrowViewProtocol.swift in Sources */,
				471F20EE28D2910700532217 /* SquareDecoratorProtocol.swift in Sources */,
				4733C65728E0CD5000CA4B7F /* CanvasFactory.swift in Sources */,
				4733C63F28E09AA300CA4B7F /* CanvasListViewController.swift in Sources */,
				4722D4E028BBFBA100055369 /* EdgeMovementValidatorProtocol.swift in Sources */,
				4733C67228E1022D00CA4B7F /* CanvasViewModel.swift in Sources */,
				47855A5928B4089A00108D94 /* CanvasViewController.swift in Sources */,
				47855A5528B4089A00108D94 /* AppDelegate.swift in Sources */,
				47D5ED3528CA9E390021D0B9 /* RectangeViewProtocol.swift in Sources */,
				471F20F228D2917A00532217 /* ArrowDecoratorProtocol.swift in Sources */,
				47855A5728B4089A00108D94 /* SceneDelegate.swift in Sources */,
				4733C67928E1066A00CA4B7F /* SaverProtocol.swift in Sources */,
				4733C66428E0EAE400CA4B7F /* BoundsProvider.swift in Sources */,
				4733C66B28E0F17B00CA4B7F /* SquareFigure.swift in Sources */,
				471F20EB28D2892000532217 /* CircleDecoratorProtocol.swift in Sources */,
				471D4CBC28B817B700250AA2 /* ViewWithEdgesProtocol.swift in Sources */,
				4733C66728E0EBEE00CA4B7F /* FigureSaver.swift in Sources */,
				4733C65F28E0EA3600CA4B7F /* Figure.swift in Sources */,
				471F20E928D288C700532217 /* CircleDecorator.swift in Sources */,
				4733C65D28E0E9D400CA4B7F /* BlockScheme.swift in Sources */,
				47296BD428D137D40018086C /* FigureFactory.swift in Sources */,
				4733C65128E0BACE00CA4B7F /* CanvasNewCell.swift in Sources */,
				4733C67528E1035500CA4B7F /* FigureError.swift in Sources */,
				4733C63C28E098F000CA4B7F /* MainViewController.swift in Sources */,
				47D5ED3B28CAAE3B0021D0B9 /* SquareViewProtocol.swift in Sources */,
				471D4CB828B8144700250AA2 /* SquareEdgeDecorator.swift in Sources */,
				47296BD128D135330018086C /* FigureType.swift in Sources */,
				471D4CAA28B810C200250AA2 /* SelectableView.swift in Sources */,
				471F20F028D2914600532217 /* SquareDecorator.swift in Sources */,
				47855A6A28B40AC500108D94 /* SquareView.swift in Sources */,
				471F20E728D2885100532217 /* CircleViewProtocol.swift in Sources */,
				4733C64D28E0A58800CA4B7F /* CanvasListCell.swift in Sources */,
				47296BD728D138CC0018086C /* AppConfig.swift in Sources */,
				471D4CBA28B8149C00250AA2 /* EdgeViewDecoratorProtocol.swift in Sources */,
				47855A6C28B4125600108D94 /* CircleView.swift in Sources */,
				47D5ED2E28CA7B4B0021D0B9 /* RectangleView.swift in Sources */,
				4733C64128E09AC100CA4B7F /* CanvasNavigationController.swift in Sources */,
				471D4CAF28B8133400250AA2 /* EdgeViewProtocol.swift in Sources */,
				4733C68128E10D6900CA4B7F /* LoaderProtocol.swift in Sources */,
				4733C67728E1064900CA4B7F /* BlockSchemeSaver.swift in Sources */,
				47855A6E28B423F000108D94 /* ConnectableView.swift in Sources */,
				47296BCF28D130930018086C /* ToolButton.swift in Sources */,
				47D5EBB528E21B2F00741D7B /* FigureViewFactory.swift in Sources */,
				4733C64628E09D8100CA4B7F /* String+Localized.swift in Sources */,
				4733C67E28E10A7300CA4B7F /* BlockSchemeError.swift in Sources */,
				4733C64F28E0AB6100CA4B7F /* CanvasListViewModel.swift in Sources */,
				47D5A4CC28C92CF8008C047A /* SelectableAndRemovableViewWithFigureAndEdges.swift in Sources */,
				47D5ED3328CA83C70021D0B9 /* EdgeViewDelegate.swift in Sources */,
				47D5EBB728E21D0E00741D7B /* UIAlertController.swift in Sources */,
				4733C66D28E0FBB800CA4B7F /* ArrowFigure.swift in Sources */,
				4733C66228E0EACC00CA4B7F /* FrameProvider.swift in Sources */,
				471D4CB128B8139600250AA2 /* DecoratorProtocol.swift in Sources */,
				47D5ED3928CAA0490021D0B9 /* RoundedRectangleDecorator.swift in Sources */,
				47D5A4CA28C92979008C047A /* ArrowView.swift in Sources */,
				47D5ED3128CA83190021D0B9 /* Resizable.swift in Sources */,
				4733C64328E09B0600CA4B7F /* AppImage.swift in Sources */,
			);
			runOnlyForDeploymentPostprocessing = 0;
		};
/* End PBXSourcesBuildPhase section */

/* Begin PBXVariantGroup section */
		47855A5A28B4089A00108D94 /* Main.storyboard */ = {
			isa = PBXVariantGroup;
			children = (
				47855A5B28B4089A00108D94 /* Base */,
			);
			name = Main.storyboard;
			sourceTree = "<group>";
		};
		47855A5F28B4089B00108D94 /* LaunchScreen.storyboard */ = {
			isa = PBXVariantGroup;
			children = (
				47855A6028B4089B00108D94 /* Base */,
			);
			name = LaunchScreen.storyboard;
			sourceTree = "<group>";
		};
/* End PBXVariantGroup section */

/* Begin XCBuildConfiguration section */
		47855A6328B4089B00108D94 /* Debug */ = {
			isa = XCBuildConfiguration;
			buildSettings = {
				ALWAYS_SEARCH_USER_PATHS = NO;
				CLANG_ANALYZER_NONNULL = YES;
				CLANG_ANALYZER_NUMBER_OBJECT_CONVERSION = YES_AGGRESSIVE;
				CLANG_CXX_LANGUAGE_STANDARD = "gnu++17";
				CLANG_CXX_LIBRARY = "libc++";
				CLANG_ENABLE_MODULES = YES;
				CLANG_ENABLE_OBJC_ARC = YES;
				CLANG_ENABLE_OBJC_WEAK = YES;
				CLANG_WARN_BLOCK_CAPTURE_AUTORELEASING = YES;
				CLANG_WARN_BOOL_CONVERSION = YES;
				CLANG_WARN_COMMA = YES;
				CLANG_WARN_CONSTANT_CONVERSION = YES;
				CLANG_WARN_DEPRECATED_OBJC_IMPLEMENTATIONS = YES;
				CLANG_WARN_DIRECT_OBJC_ISA_USAGE = YES_ERROR;
				CLANG_WARN_DOCUMENTATION_COMMENTS = YES;
				CLANG_WARN_EMPTY_BODY = YES;
				CLANG_WARN_ENUM_CONVERSION = YES;
				CLANG_WARN_INFINITE_RECURSION = YES;
				CLANG_WARN_INT_CONVERSION = YES;
				CLANG_WARN_NON_LITERAL_NULL_CONVERSION = YES;
				CLANG_WARN_OBJC_IMPLICIT_RETAIN_SELF = YES;
				CLANG_WARN_OBJC_LITERAL_CONVERSION = YES;
				CLANG_WARN_OBJC_ROOT_CLASS = YES_ERROR;
				CLANG_WARN_QUOTED_INCLUDE_IN_FRAMEWORK_HEADER = YES;
				CLANG_WARN_RANGE_LOOP_ANALYSIS = YES;
				CLANG_WARN_STRICT_PROTOTYPES = YES;
				CLANG_WARN_SUSPICIOUS_MOVE = YES;
				CLANG_WARN_UNGUARDED_AVAILABILITY = YES_AGGRESSIVE;
				CLANG_WARN_UNREACHABLE_CODE = YES;
				CLANG_WARN__DUPLICATE_METHOD_MATCH = YES;
				COPY_PHASE_STRIP = NO;
				DEBUG_INFORMATION_FORMAT = dwarf;
				ENABLE_STRICT_OBJC_MSGSEND = YES;
				ENABLE_TESTABILITY = YES;
				GCC_C_LANGUAGE_STANDARD = gnu11;
				GCC_DYNAMIC_NO_PIC = NO;
				GCC_NO_COMMON_BLOCKS = YES;
				GCC_OPTIMIZATION_LEVEL = 0;
				GCC_PREPROCESSOR_DEFINITIONS = (
					"DEBUG=1",
					"$(inherited)",
				);
				GCC_WARN_64_TO_32_BIT_CONVERSION = YES;
				GCC_WARN_ABOUT_RETURN_TYPE = YES_ERROR;
				GCC_WARN_UNDECLARED_SELECTOR = YES;
				GCC_WARN_UNINITIALIZED_AUTOS = YES_AGGRESSIVE;
				GCC_WARN_UNUSED_FUNCTION = YES;
				GCC_WARN_UNUSED_VARIABLE = YES;
				IPHONEOS_DEPLOYMENT_TARGET = 15.2;
				LOCALIZED_FILE = "";
				MTL_ENABLE_DEBUG_INFO = INCLUDE_SOURCE;
				MTL_FAST_MATH = YES;
				ONLY_ACTIVE_ARCH = YES;
				SDKROOT = iphoneos;
				SWIFT_ACTIVE_COMPILATION_CONDITIONS = DEBUG;
				SWIFT_OPTIMIZATION_LEVEL = "-Onone";
			};
			name = Debug;
		};
		47855A6428B4089B00108D94 /* Release */ = {
			isa = XCBuildConfiguration;
			buildSettings = {
				ALWAYS_SEARCH_USER_PATHS = NO;
				CLANG_ANALYZER_NONNULL = YES;
				CLANG_ANALYZER_NUMBER_OBJECT_CONVERSION = YES_AGGRESSIVE;
				CLANG_CXX_LANGUAGE_STANDARD = "gnu++17";
				CLANG_CXX_LIBRARY = "libc++";
				CLANG_ENABLE_MODULES = YES;
				CLANG_ENABLE_OBJC_ARC = YES;
				CLANG_ENABLE_OBJC_WEAK = YES;
				CLANG_WARN_BLOCK_CAPTURE_AUTORELEASING = YES;
				CLANG_WARN_BOOL_CONVERSION = YES;
				CLANG_WARN_COMMA = YES;
				CLANG_WARN_CONSTANT_CONVERSION = YES;
				CLANG_WARN_DEPRECATED_OBJC_IMPLEMENTATIONS = YES;
				CLANG_WARN_DIRECT_OBJC_ISA_USAGE = YES_ERROR;
				CLANG_WARN_DOCUMENTATION_COMMENTS = YES;
				CLANG_WARN_EMPTY_BODY = YES;
				CLANG_WARN_ENUM_CONVERSION = YES;
				CLANG_WARN_INFINITE_RECURSION = YES;
				CLANG_WARN_INT_CONVERSION = YES;
				CLANG_WARN_NON_LITERAL_NULL_CONVERSION = YES;
				CLANG_WARN_OBJC_IMPLICIT_RETAIN_SELF = YES;
				CLANG_WARN_OBJC_LITERAL_CONVERSION = YES;
				CLANG_WARN_OBJC_ROOT_CLASS = YES_ERROR;
				CLANG_WARN_QUOTED_INCLUDE_IN_FRAMEWORK_HEADER = YES;
				CLANG_WARN_RANGE_LOOP_ANALYSIS = YES;
				CLANG_WARN_STRICT_PROTOTYPES = YES;
				CLANG_WARN_SUSPICIOUS_MOVE = YES;
				CLANG_WARN_UNGUARDED_AVAILABILITY = YES_AGGRESSIVE;
				CLANG_WARN_UNREACHABLE_CODE = YES;
				CLANG_WARN__DUPLICATE_METHOD_MATCH = YES;
				COPY_PHASE_STRIP = NO;
				DEBUG_INFORMATION_FORMAT = "dwarf-with-dsym";
				ENABLE_NS_ASSERTIONS = NO;
				ENABLE_STRICT_OBJC_MSGSEND = YES;
				GCC_C_LANGUAGE_STANDARD = gnu11;
				GCC_NO_COMMON_BLOCKS = YES;
				GCC_WARN_64_TO_32_BIT_CONVERSION = YES;
				GCC_WARN_ABOUT_RETURN_TYPE = YES_ERROR;
				GCC_WARN_UNDECLARED_SELECTOR = YES;
				GCC_WARN_UNINITIALIZED_AUTOS = YES_AGGRESSIVE;
				GCC_WARN_UNUSED_FUNCTION = YES;
				GCC_WARN_UNUSED_VARIABLE = YES;
				IPHONEOS_DEPLOYMENT_TARGET = 15.2;
				LOCALIZED_FILE = "";
				MTL_ENABLE_DEBUG_INFO = NO;
				MTL_FAST_MATH = YES;
				SDKROOT = iphoneos;
				SWIFT_COMPILATION_MODE = wholemodule;
				SWIFT_OPTIMIZATION_LEVEL = "-O";
				VALIDATE_PRODUCT = YES;
			};
			name = Release;
		};
		47855A6628B4089B00108D94 /* Debug */ = {
			isa = XCBuildConfiguration;
			buildSettings = {
				ASSETCATALOG_COMPILER_APPICON_NAME = AppIcon;
				ASSETCATALOG_COMPILER_GLOBAL_ACCENT_COLOR_NAME = AccentColor;
				CODE_SIGN_STYLE = Automatic;
				CURRENT_PROJECT_VERSION = 1;
				DEVELOPMENT_TEAM = X9YKGG45V3;
				GENERATE_INFOPLIST_FILE = YES;
				INFOPLIST_FILE = PlayingWithViews/Info.plist;
				INFOPLIST_KEY_UIApplicationSupportsIndirectInputEvents = YES;
				INFOPLIST_KEY_UILaunchStoryboardName = LaunchScreen;
				INFOPLIST_KEY_UIMainStoryboardFile = Main;
				INFOPLIST_KEY_UISupportedInterfaceOrientations_iPad = "UIInterfaceOrientationPortrait UIInterfaceOrientationPortraitUpsideDown UIInterfaceOrientationLandscapeLeft UIInterfaceOrientationLandscapeRight";
				INFOPLIST_KEY_UISupportedInterfaceOrientations_iPhone = "UIInterfaceOrientationPortrait UIInterfaceOrientationLandscapeLeft UIInterfaceOrientationLandscapeRight";
				LD_RUNPATH_SEARCH_PATHS = (
					"$(inherited)",
					"@executable_path/Frameworks",
				);
				LOCALIZED_FILE = Localized;
				MARKETING_VERSION = 1.0;
				PRODUCT_BUNDLE_IDENTIFIER = bx.PlayingWithViews;
				PRODUCT_NAME = "$(TARGET_NAME)";
				SWIFT_EMIT_LOC_STRINGS = YES;
				SWIFT_VERSION = 5.0;
				TARGETED_DEVICE_FAMILY = "1,2";
			};
			name = Debug;
		};
		47855A6728B4089B00108D94 /* Release */ = {
			isa = XCBuildConfiguration;
			buildSettings = {
				ASSETCATALOG_COMPILER_APPICON_NAME = AppIcon;
				ASSETCATALOG_COMPILER_GLOBAL_ACCENT_COLOR_NAME = AccentColor;
				CODE_SIGN_STYLE = Automatic;
				CURRENT_PROJECT_VERSION = 1;
				DEVELOPMENT_TEAM = X9YKGG45V3;
				GENERATE_INFOPLIST_FILE = YES;
				INFOPLIST_FILE = PlayingWithViews/Info.plist;
				INFOPLIST_KEY_UIApplicationSupportsIndirectInputEvents = YES;
				INFOPLIST_KEY_UILaunchStoryboardName = LaunchScreen;
				INFOPLIST_KEY_UIMainStoryboardFile = Main;
				INFOPLIST_KEY_UISupportedInterfaceOrientations_iPad = "UIInterfaceOrientationPortrait UIInterfaceOrientationPortraitUpsideDown UIInterfaceOrientationLandscapeLeft UIInterfaceOrientationLandscapeRight";
				INFOPLIST_KEY_UISupportedInterfaceOrientations_iPhone = "UIInterfaceOrientationPortrait UIInterfaceOrientationLandscapeLeft UIInterfaceOrientationLandscapeRight";
				LD_RUNPATH_SEARCH_PATHS = (
					"$(inherited)",
					"@executable_path/Frameworks",
				);
				LOCALIZED_FILE = Localized;
				MARKETING_VERSION = 1.0;
				PRODUCT_BUNDLE_IDENTIFIER = bx.PlayingWithViews;
				PRODUCT_NAME = "$(TARGET_NAME)";
				SWIFT_EMIT_LOC_STRINGS = YES;
				SWIFT_VERSION = 5.0;
				TARGETED_DEVICE_FAMILY = "1,2";
			};
			name = Release;
		};
/* End XCBuildConfiguration section */

/* Begin XCConfigurationList section */
		47855A4C28B4089A00108D94 /* Build configuration list for PBXProject "PlayingWithViews" */ = {
			isa = XCConfigurationList;
			buildConfigurations = (
				47855A6328B4089B00108D94 /* Debug */,
				47855A6428B4089B00108D94 /* Release */,
			);
			defaultConfigurationIsVisible = 0;
			defaultConfigurationName = Release;
		};
		47855A6528B4089B00108D94 /* Build configuration list for PBXNativeTarget "PlayingWithViews" */ = {
			isa = XCConfigurationList;
			buildConfigurations = (
				47855A6628B4089B00108D94 /* Debug */,
				47855A6728B4089B00108D94 /* Release */,
			);
			defaultConfigurationIsVisible = 0;
			defaultConfigurationName = Release;
		};
/* End XCConfigurationList section */
	};
	rootObject = 47855A4928B4089A00108D94 /* Project object */;
}
